
Microsoft Visual Studio Solution File, Format Version 12.00
# Visual Studio 2013
VisualStudioVersion = 12.0.21005.1
MinimumVisualStudioVersion = 10.0.40219.1
Project("{8BC9CEB8-8B4A-11D0-8D11-00A0C91BC942}") = "TowersOfHanoi", "TowersOfHanoi\TowersOfHanoi.vcxproj", "{1449E0F0-E0AD-46F1-B1E4-F45D4863D65B}"
EndProject
Project("{8BC9CEB8-8B4A-11D0-8D11-00A0C91BC942}") = "8Queens", "8Queens\8Queens.vcxproj", "{AE598924-99E5-4FD0-BB66-A172D20D1215}"
EndProject
Project("{8BC9CEB8-8B4A-11D0-8D11-00A0C91BC942}") = "CircularList", "CircularList\CircularList.vcxproj", "{B77F4EA9-28B7-4AE3-BEF3-4810ABB54E7F}"
EndProject
Project("{8BC9CEB8-8B4A-11D0-8D11-00A0C91BC942}") = "BST", "BST\BST.vcxproj", "{9028368D-1272-4F64-9504-9A50506392F0}"
EndProject
Project("{8BC9CEB8-8B4A-11D0-8D11-00A0C91BC942}") = "ReplaceInPlace", "Replace\Replace.vcxproj", "{27A8D90C-3E70-4DF0-8606-72F53BD32E20}"
EndProject
Project("{8BC9CEB8-8B4A-11D0-8D11-00A0C91BC942}") = "LinkedList", "LinkedList\LinkedList.vcxproj", "{4713386C-4B8E-4A4E-A41E-58B0AC4B5A70}"
EndProject
Project("{8BC9CEB8-8B4A-11D0-8D11-00A0C91BC942}") = "DoublyLinkedList", "DoublyLinkedList\DoublyLinkedList.vcxproj", "{BD4C7190-B148-46B5-9730-E970B5572189}"
EndProject
Project("{8BC9CEB8-8B4A-11D0-8D11-00A0C91BC942}") = "AtoI", "AtoI\AtoI.vcxproj", "{931D3760-DD14-4A8A-9EA2-BFD656376CE5}"
EndProject
Project("{8BC9CEB8-8B4A-11D0-8D11-00A0C91BC942}") = "IntegerOverflow", "IntegerOverflow\IntegerOverflow.vcxproj", "{AA6AF28E-1074-4D9B-AFC5-6EFBD8911E35}"
EndProject
Project("{8BC9CEB8-8B4A-11D0-8D11-00A0C91BC942}") = "Trie-WordSearch", "Trie-WordSearch\Trie-WordSearch.vcxproj", "{943C2303-1614-45F5-A613-8616CD078762}"
EndProject
Project("{8BC9CEB8-8B4A-11D0-8D11-00A0C91BC942}") = "BinaryExpressions", "BinaryExpressions\BinaryExpressions.vcxproj", "{0E4D3500-E934-47A8-876C-D8A2474D293E}"
EndProject
Global
	GlobalSection(SolutionConfigurationPlatforms) = preSolution
		Debug|Win32 = Debug|Win32
		Release|Win32 = Release|Win32
	EndGlobalSection
	GlobalSection(ProjectConfigurationPlatforms) = postSolution
		{1449E0F0-E0AD-46F1-B1E4-F45D4863D65B}.Debug|Win32.ActiveCfg = Debug|Win32
		{1449E0F0-E0AD-46F1-B1E4-F45D4863D65B}.Debug|Win32.Build.0 = Debug|Win32
		{1449E0F0-E0AD-46F1-B1E4-F45D4863D65B}.Release|Win32.ActiveCfg = Release|Win32
		{1449E0F0-E0AD-46F1-B1E4-F45D4863D65B}.Release|Win32.Build.0 = Release|Win32
		{AE598924-99E5-4FD0-BB66-A172D20D1215}.Debug|Win32.ActiveCfg = Debug|Win32
		{AE598924-99E5-4FD0-BB66-A172D20D1215}.Debug|Win32.Build.0 = Debug|Win32
		{AE598924-99E5-4FD0-BB66-A172D20D1215}.Release|Win32.ActiveCfg = Release|Win32
		{AE598924-99E5-4FD0-BB66-A172D20D1215}.Release|Win32.Build.0 = Release|Win32
		{B77F4EA9-28B7-4AE3-BEF3-4810ABB54E7F}.Debug|Win32.ActiveCfg = Debug|Win32
		{B77F4EA9-28B7-4AE3-BEF3-4810ABB54E7F}.Debug|Win32.Build.0 = Debug|Win32
		{B77F4EA9-28B7-4AE3-BEF3-4810ABB54E7F}.Release|Win32.ActiveCfg = Release|Win32
		{B77F4EA9-28B7-4AE3-BEF3-4810ABB54E7F}.Release|Win32.Build.0 = Release|Win32
		{9028368D-1272-4F64-9504-9A50506392F0}.Debug|Win32.ActiveCfg = Debug|Win32
		{9028368D-1272-4F64-9504-9A50506392F0}.Debug|Win32.Build.0 = Debug|Win32
		{9028368D-1272-4F64-9504-9A50506392F0}.Release|Win32.ActiveCfg = Release|Win32
		{9028368D-1272-4F64-9504-9A50506392F0}.Release|Win32.Build.0 = Release|Win32
		{27A8D90C-3E70-4DF0-8606-72F53BD32E20}.Debug|Win32.ActiveCfg = Debug|Win32
		{27A8D90C-3E70-4DF0-8606-72F53BD32E20}.Debug|Win32.Build.0 = Debug|Win32
		{27A8D90C-3E70-4DF0-8606-72F53BD32E20}.Release|Win32.ActiveCfg = Release|Win32
		{27A8D90C-3E70-4DF0-8606-72F53BD32E20}.Release|Win32.Build.0 = Release|Win32
		{4713386C-4B8E-4A4E-A41E-58B0AC4B5A70}.Debug|Win32.ActiveCfg = Debug|Win32
		{4713386C-4B8E-4A4E-A41E-58B0AC4B5A70}.Debug|Win32.Build.0 = Debug|Win32
		{4713386C-4B8E-4A4E-A41E-58B0AC4B5A70}.Release|Win32.ActiveCfg = Release|Win32
		{4713386C-4B8E-4A4E-A41E-58B0AC4B5A70}.Release|Win32.Build.0 = Release|Win32
		{BD4C7190-B148-46B5-9730-E970B5572189}.Debug|Win32.ActiveCfg = Debug|Win32
		{BD4C7190-B148-46B5-9730-E970B5572189}.Debug|Win32.Build.0 = Debug|Win32
		{BD4C7190-B148-46B5-9730-E970B5572189}.Release|Win32.ActiveCfg = Release|Win32
		{BD4C7190-B148-46B5-9730-E970B5572189}.Release|Win32.Build.0 = Release|Win32
		{931D3760-DD14-4A8A-9EA2-BFD656376CE5}.Debug|Win32.ActiveCfg = Debug|Win32
		{931D3760-DD14-4A8A-9EA2-BFD656376CE5}.Debug|Win32.Build.0 = Debug|Win32
		{931D3760-DD14-4A8A-9EA2-BFD656376CE5}.Release|Win32.ActiveCfg = Release|Win32
		{931D3760-DD14-4A8A-9EA2-BFD656376CE5}.Release|Win32.Build.0 = Release|Win32
		{AA6AF28E-1074-4D9B-AFC5-6EFBD8911E35}.Debug|Win32.ActiveCfg = Debug|Win32
		{AA6AF28E-1074-4D9B-AFC5-6EFBD8911E35}.Debug|Win32.Build.0 = Debug|Win32
		{AA6AF28E-1074-4D9B-AFC5-6EFBD8911E35}.Release|Win32.ActiveCfg = Release|Win32
		{AA6AF28E-1074-4D9B-AFC5-6EFBD8911E35}.Release|Win32.Build.0 = Release|Win32
		{943C2303-1614-45F5-A613-8616CD078762}.Debug|Win32.ActiveCfg = Debug|Win32
		{943C2303-1614-45F5-A613-8616CD078762}.Debug|Win32.Build.0 = Debug|Win32
		{943C2303-1614-45F5-A613-8616CD078762}.Release|Win32.ActiveCfg = Release|Win32
		{943C2303-1614-45F5-A613-8616CD078762}.Release|Win32.Build.0 = Release|Win32
		{0E4D3500-E934-47A8-876C-D8A2474D293E}.Debug|Win32.ActiveCfg = Debug|Win32
		{0E4D3500-E934-47A8-876C-D8A2474D293E}.Debug|Win32.Build.0 = Debug|Win32
		{0E4D3500-E934-47A8-876C-D8A2474D293E}.Release|Win32.ActiveCfg = Release|Win32
		{0E4D3500-E934-47A8-876C-D8A2474D293E}.Release|Win32.Build.0 = Release|Win32
	EndGlobalSection
	GlobalSection(SolutionProperties) = preSolution
		HideSolutionNode = FALSE
	EndGlobalSection
EndGlobal
