
Microsoft Visual Studio Solution File, Format Version 12.00
# Visual Studio 2013
VisualStudioVersion = 12.0.21005.1
MinimumVisualStudioVersion = 10.0.40219.1
Project("{8BC9CEB8-8B4A-11D0-8D11-00A0C91BC942}") = "TowersOfHanoi", "TowersOfHanoi\TowersOfHanoi.vcxproj", "{1449E0F0-E0AD-46F1-B1E4-F45D4863D65B}"
EndProject
Project("{8BC9CEB8-8B4A-11D0-8D11-00A0C91BC942}") = "8Queens", "8Queens\8Queens.vcxproj", "{AE598924-99E5-4FD0-BB66-A172D20D1215}"
EndProject
Project("{8BC9CEB8-8B4A-11D0-8D11-00A0C91BC942}") = "CircularList", "CircularList\CircularList.vcxproj", "{B77F4EA9-28B7-4AE3-BEF3-4810ABB54E7F}"
EndProject
Project("{8BC9CEB8-8B4A-11D0-8D11-00A0C91BC942}") = "BST", "BST\BST.vcxproj", "{9028368D-1272-4F64-9504-9A50506392F0}"
EndProject
Project("{8BC9CEB8-8B4A-11D0-8D11-00A0C91BC942}") = "ReplaceInPlace", "Replace\Replace.vcxproj", "{27A8D90C-3E70-4DF0-8606-72F53BD32E20}"
EndProject
Project("{8BC9CEB8-8B4A-11D0-8D11-00A0C91BC942}") = "LinkedList", "LinkedList\LinkedList.vcxproj", "{4713386C-4B8E-4A4E-A41E-58B0AC4B5A70}"
EndProject
Project("{8BC9CEB8-8B4A-11D0-8D11-00A0C91BC942}") = "DoublyLinkedList", "DoublyLinkedList\DoublyLinkedList.vcxproj", "{BD4C7190-B148-46B5-9730-E970B5572189}"
EndProject
Project("{8BC9CEB8-8B4A-11D0-8D11-00A0C91BC942}") = "AtoI", "AtoI\AtoI.vcxproj", "{931D3760-DD14-4A8A-9EA2-BFD656376CE5}"
EndProject
Project("{8BC9CEB8-8B4A-11D0-8D11-00A0C91BC942}") = "IntegerOverflow", "IntegerOverflow\IntegerOverflow.vcxproj", "{AA6AF28E-1074-4D9B-AFC5-6EFBD8911E35}"
EndProject
Project("{8BC9CEB8-8B4A-11D0-8D11-00A0C91BC942}") = "Trie-WordSearch", "Trie-WordSearch\Trie-WordSearch.vcxproj", "{943C2303-1614-45F5-A613-8616CD078762}"
EndProject
Project("{8BC9CEB8-8B4A-11D0-8D11-00A0C91BC942}") = "BinaryExpressions", "BinaryExpressions\BinaryExpressions.vcxproj", "{0E4D3500-E934-47A8-876C-D8A2474D293E}"
EndProject
Project("{8BC9CEB8-8B4A-11D0-8D11-00A0C91BC942}") = "Strings", "Strings\Strings.vcxproj", "{F98FAE97-C749-4F67-8532-3AAFC1880C6D}"
EndProject
Project("{8BC9CEB8-8B4A-11D0-8D11-00A0C91BC942}") = "HuffmanEncoding", "HuffmanEncoding\HuffmanEncoding.vcxproj", "{CE132769-1710-4306-A86B-5CB8143BEEE1}"
EndProject
Project("{8BC9CEB8-8B4A-11D0-8D11-00A0C91BC942}") = "Sorting", "Sorting\Sorting.vcxproj", "{223E3027-1901-41FB-80A0-56CE6CA72E24}"
EndProject
Project("{8BC9CEB8-8B4A-11D0-8D11-00A0C91BC942}") = "DivisionWithoutDivisorOperator", "DivisionWithoutDivisorOperator\DivisionWithoutDivisorOperator.vcxproj", "{1DEFBE0F-436B-40A0-822A-07D5F50686CB}"
EndProject
Project("{8BC9CEB8-8B4A-11D0-8D11-00A0C91BC942}") = "LargestBSTSubtree", "LargestBSTSubtree\LargestBSTSubtree.vcxproj", "{62EF9B93-5E4C-422A-85B4-8690B466C7A8}"
EndProject
Project("{8BC9CEB8-8B4A-11D0-8D11-00A0C91BC942}") = "Trie-LCRS", "Trie-LCRS\Trie-LCRS.vcxproj", "{0D8BB693-1407-45BC-9A98-ED1F6E5467D6}"
EndProject
Global
	GlobalSection(SolutionConfigurationPlatforms) = preSolution
		Debug|Any CPU = Debug|Any CPU
		Debug|ARM = Debug|ARM
		Debug|Mixed Platforms = Debug|Mixed Platforms
		Debug|Win32 = Debug|Win32
		Debug|x64 = Debug|x64
		Debug|x86 = Debug|x86
		Release|Any CPU = Release|Any CPU
		Release|ARM = Release|ARM
		Release|Mixed Platforms = Release|Mixed Platforms
		Release|Win32 = Release|Win32
		Release|x64 = Release|x64
		Release|x86 = Release|x86
	EndGlobalSection
	GlobalSection(ProjectConfigurationPlatforms) = postSolution
		{1449E0F0-E0AD-46F1-B1E4-F45D4863D65B}.Debug|Any CPU.ActiveCfg = Debug|Win32
		{1449E0F0-E0AD-46F1-B1E4-F45D4863D65B}.Debug|ARM.ActiveCfg = Debug|Win32
		{1449E0F0-E0AD-46F1-B1E4-F45D4863D65B}.Debug|Mixed Platforms.ActiveCfg = Debug|Win32
		{1449E0F0-E0AD-46F1-B1E4-F45D4863D65B}.Debug|Mixed Platforms.Build.0 = Debug|Win32
		{1449E0F0-E0AD-46F1-B1E4-F45D4863D65B}.Debug|Win32.ActiveCfg = Debug|Win32
		{1449E0F0-E0AD-46F1-B1E4-F45D4863D65B}.Debug|Win32.Build.0 = Debug|Win32
		{1449E0F0-E0AD-46F1-B1E4-F45D4863D65B}.Debug|x64.ActiveCfg = Debug|Win32
		{1449E0F0-E0AD-46F1-B1E4-F45D4863D65B}.Debug|x86.ActiveCfg = Debug|Win32
		{1449E0F0-E0AD-46F1-B1E4-F45D4863D65B}.Debug|x86.Build.0 = Debug|Win32
		{1449E0F0-E0AD-46F1-B1E4-F45D4863D65B}.Release|Any CPU.ActiveCfg = Release|Win32
		{1449E0F0-E0AD-46F1-B1E4-F45D4863D65B}.Release|ARM.ActiveCfg = Release|Win32
		{1449E0F0-E0AD-46F1-B1E4-F45D4863D65B}.Release|Mixed Platforms.ActiveCfg = Release|Win32
		{1449E0F0-E0AD-46F1-B1E4-F45D4863D65B}.Release|Mixed Platforms.Build.0 = Release|Win32
		{1449E0F0-E0AD-46F1-B1E4-F45D4863D65B}.Release|Win32.ActiveCfg = Release|Win32
		{1449E0F0-E0AD-46F1-B1E4-F45D4863D65B}.Release|Win32.Build.0 = Release|Win32
		{1449E0F0-E0AD-46F1-B1E4-F45D4863D65B}.Release|x64.ActiveCfg = Release|Win32
		{1449E0F0-E0AD-46F1-B1E4-F45D4863D65B}.Release|x86.ActiveCfg = Release|Win32
		{1449E0F0-E0AD-46F1-B1E4-F45D4863D65B}.Release|x86.Build.0 = Release|Win32
		{AE598924-99E5-4FD0-BB66-A172D20D1215}.Debug|Any CPU.ActiveCfg = Debug|Win32
		{AE598924-99E5-4FD0-BB66-A172D20D1215}.Debug|ARM.ActiveCfg = Debug|Win32
		{AE598924-99E5-4FD0-BB66-A172D20D1215}.Debug|Mixed Platforms.ActiveCfg = Debug|Win32
		{AE598924-99E5-4FD0-BB66-A172D20D1215}.Debug|Mixed Platforms.Build.0 = Debug|Win32
		{AE598924-99E5-4FD0-BB66-A172D20D1215}.Debug|Win32.ActiveCfg = Debug|Win32
		{AE598924-99E5-4FD0-BB66-A172D20D1215}.Debug|Win32.Build.0 = Debug|Win32
		{AE598924-99E5-4FD0-BB66-A172D20D1215}.Debug|x64.ActiveCfg = Debug|Win32
		{AE598924-99E5-4FD0-BB66-A172D20D1215}.Debug|x86.ActiveCfg = Debug|Win32
		{AE598924-99E5-4FD0-BB66-A172D20D1215}.Debug|x86.Build.0 = Debug|Win32
		{AE598924-99E5-4FD0-BB66-A172D20D1215}.Release|Any CPU.ActiveCfg = Release|Win32
		{AE598924-99E5-4FD0-BB66-A172D20D1215}.Release|ARM.ActiveCfg = Release|Win32
		{AE598924-99E5-4FD0-BB66-A172D20D1215}.Release|Mixed Platforms.ActiveCfg = Release|Win32
		{AE598924-99E5-4FD0-BB66-A172D20D1215}.Release|Mixed Platforms.Build.0 = Release|Win32
		{AE598924-99E5-4FD0-BB66-A172D20D1215}.Release|Win32.ActiveCfg = Release|Win32
		{AE598924-99E5-4FD0-BB66-A172D20D1215}.Release|Win32.Build.0 = Release|Win32
		{AE598924-99E5-4FD0-BB66-A172D20D1215}.Release|x64.ActiveCfg = Release|Win32
		{AE598924-99E5-4FD0-BB66-A172D20D1215}.Release|x86.ActiveCfg = Release|Win32
		{AE598924-99E5-4FD0-BB66-A172D20D1215}.Release|x86.Build.0 = Release|Win32
		{B77F4EA9-28B7-4AE3-BEF3-4810ABB54E7F}.Debug|Any CPU.ActiveCfg = Debug|Win32
		{B77F4EA9-28B7-4AE3-BEF3-4810ABB54E7F}.Debug|ARM.ActiveCfg = Debug|Win32
		{B77F4EA9-28B7-4AE3-BEF3-4810ABB54E7F}.Debug|Mixed Platforms.ActiveCfg = Debug|Win32
		{B77F4EA9-28B7-4AE3-BEF3-4810ABB54E7F}.Debug|Mixed Platforms.Build.0 = Debug|Win32
		{B77F4EA9-28B7-4AE3-BEF3-4810ABB54E7F}.Debug|Win32.ActiveCfg = Debug|Win32
		{B77F4EA9-28B7-4AE3-BEF3-4810ABB54E7F}.Debug|Win32.Build.0 = Debug|Win32
		{B77F4EA9-28B7-4AE3-BEF3-4810ABB54E7F}.Debug|x64.ActiveCfg = Debug|Win32
		{B77F4EA9-28B7-4AE3-BEF3-4810ABB54E7F}.Debug|x86.ActiveCfg = Debug|Win32
		{B77F4EA9-28B7-4AE3-BEF3-4810ABB54E7F}.Debug|x86.Build.0 = Debug|Win32
		{B77F4EA9-28B7-4AE3-BEF3-4810ABB54E7F}.Release|Any CPU.ActiveCfg = Release|Win32
		{B77F4EA9-28B7-4AE3-BEF3-4810ABB54E7F}.Release|ARM.ActiveCfg = Release|Win32
		{B77F4EA9-28B7-4AE3-BEF3-4810ABB54E7F}.Release|Mixed Platforms.ActiveCfg = Release|Win32
		{B77F4EA9-28B7-4AE3-BEF3-4810ABB54E7F}.Release|Mixed Platforms.Build.0 = Release|Win32
		{B77F4EA9-28B7-4AE3-BEF3-4810ABB54E7F}.Release|Win32.ActiveCfg = Release|Win32
		{B77F4EA9-28B7-4AE3-BEF3-4810ABB54E7F}.Release|Win32.Build.0 = Release|Win32
		{B77F4EA9-28B7-4AE3-BEF3-4810ABB54E7F}.Release|x64.ActiveCfg = Release|Win32
		{B77F4EA9-28B7-4AE3-BEF3-4810ABB54E7F}.Release|x86.ActiveCfg = Release|Win32
		{B77F4EA9-28B7-4AE3-BEF3-4810ABB54E7F}.Release|x86.Build.0 = Release|Win32
		{9028368D-1272-4F64-9504-9A50506392F0}.Debug|Any CPU.ActiveCfg = Debug|Win32
		{9028368D-1272-4F64-9504-9A50506392F0}.Debug|ARM.ActiveCfg = Debug|Win32
		{9028368D-1272-4F64-9504-9A50506392F0}.Debug|Mixed Platforms.ActiveCfg = Debug|Win32
		{9028368D-1272-4F64-9504-9A50506392F0}.Debug|Mixed Platforms.Build.0 = Debug|Win32
		{9028368D-1272-4F64-9504-9A50506392F0}.Debug|Win32.ActiveCfg = Debug|Win32
		{9028368D-1272-4F64-9504-9A50506392F0}.Debug|Win32.Build.0 = Debug|Win32
		{9028368D-1272-4F64-9504-9A50506392F0}.Debug|x64.ActiveCfg = Debug|Win32
		{9028368D-1272-4F64-9504-9A50506392F0}.Debug|x86.ActiveCfg = Debug|Win32
		{9028368D-1272-4F64-9504-9A50506392F0}.Debug|x86.Build.0 = Debug|Win32
		{9028368D-1272-4F64-9504-9A50506392F0}.Release|Any CPU.ActiveCfg = Release|Win32
		{9028368D-1272-4F64-9504-9A50506392F0}.Release|ARM.ActiveCfg = Release|Win32
		{9028368D-1272-4F64-9504-9A50506392F0}.Release|Mixed Platforms.ActiveCfg = Release|Win32
		{9028368D-1272-4F64-9504-9A50506392F0}.Release|Mixed Platforms.Build.0 = Release|Win32
		{9028368D-1272-4F64-9504-9A50506392F0}.Release|Win32.ActiveCfg = Release|Win32
		{9028368D-1272-4F64-9504-9A50506392F0}.Release|Win32.Build.0 = Release|Win32
		{9028368D-1272-4F64-9504-9A50506392F0}.Release|x64.ActiveCfg = Release|Win32
		{9028368D-1272-4F64-9504-9A50506392F0}.Release|x86.ActiveCfg = Release|Win32
		{9028368D-1272-4F64-9504-9A50506392F0}.Release|x86.Build.0 = Release|Win32
		{27A8D90C-3E70-4DF0-8606-72F53BD32E20}.Debug|Any CPU.ActiveCfg = Debug|Win32
		{27A8D90C-3E70-4DF0-8606-72F53BD32E20}.Debug|ARM.ActiveCfg = Debug|Win32
		{27A8D90C-3E70-4DF0-8606-72F53BD32E20}.Debug|Mixed Platforms.ActiveCfg = Debug|Win32
		{27A8D90C-3E70-4DF0-8606-72F53BD32E20}.Debug|Mixed Platforms.Build.0 = Debug|Win32
		{27A8D90C-3E70-4DF0-8606-72F53BD32E20}.Debug|Win32.ActiveCfg = Debug|Win32
		{27A8D90C-3E70-4DF0-8606-72F53BD32E20}.Debug|Win32.Build.0 = Debug|Win32
		{27A8D90C-3E70-4DF0-8606-72F53BD32E20}.Debug|x64.ActiveCfg = Debug|Win32
		{27A8D90C-3E70-4DF0-8606-72F53BD32E20}.Debug|x86.ActiveCfg = Debug|Win32
		{27A8D90C-3E70-4DF0-8606-72F53BD32E20}.Debug|x86.Build.0 = Debug|Win32
		{27A8D90C-3E70-4DF0-8606-72F53BD32E20}.Release|Any CPU.ActiveCfg = Release|Win32
		{27A8D90C-3E70-4DF0-8606-72F53BD32E20}.Release|ARM.ActiveCfg = Release|Win32
		{27A8D90C-3E70-4DF0-8606-72F53BD32E20}.Release|Mixed Platforms.ActiveCfg = Release|Win32
		{27A8D90C-3E70-4DF0-8606-72F53BD32E20}.Release|Mixed Platforms.Build.0 = Release|Win32
		{27A8D90C-3E70-4DF0-8606-72F53BD32E20}.Release|Win32.ActiveCfg = Release|Win32
		{27A8D90C-3E70-4DF0-8606-72F53BD32E20}.Release|Win32.Build.0 = Release|Win32
		{27A8D90C-3E70-4DF0-8606-72F53BD32E20}.Release|x64.ActiveCfg = Release|Win32
		{27A8D90C-3E70-4DF0-8606-72F53BD32E20}.Release|x86.ActiveCfg = Release|Win32
		{27A8D90C-3E70-4DF0-8606-72F53BD32E20}.Release|x86.Build.0 = Release|Win32
		{4713386C-4B8E-4A4E-A41E-58B0AC4B5A70}.Debug|Any CPU.ActiveCfg = Debug|Win32
		{4713386C-4B8E-4A4E-A41E-58B0AC4B5A70}.Debug|ARM.ActiveCfg = Debug|Win32
		{4713386C-4B8E-4A4E-A41E-58B0AC4B5A70}.Debug|Mixed Platforms.ActiveCfg = Debug|Win32
		{4713386C-4B8E-4A4E-A41E-58B0AC4B5A70}.Debug|Mixed Platforms.Build.0 = Debug|Win32
		{4713386C-4B8E-4A4E-A41E-58B0AC4B5A70}.Debug|Win32.ActiveCfg = Debug|Win32
		{4713386C-4B8E-4A4E-A41E-58B0AC4B5A70}.Debug|Win32.Build.0 = Debug|Win32
		{4713386C-4B8E-4A4E-A41E-58B0AC4B5A70}.Debug|x64.ActiveCfg = Debug|Win32
		{4713386C-4B8E-4A4E-A41E-58B0AC4B5A70}.Debug|x86.ActiveCfg = Debug|Win32
		{4713386C-4B8E-4A4E-A41E-58B0AC4B5A70}.Debug|x86.Build.0 = Debug|Win32
		{4713386C-4B8E-4A4E-A41E-58B0AC4B5A70}.Release|Any CPU.ActiveCfg = Release|Win32
		{4713386C-4B8E-4A4E-A41E-58B0AC4B5A70}.Release|ARM.ActiveCfg = Release|Win32
		{4713386C-4B8E-4A4E-A41E-58B0AC4B5A70}.Release|Mixed Platforms.ActiveCfg = Release|Win32
		{4713386C-4B8E-4A4E-A41E-58B0AC4B5A70}.Release|Mixed Platforms.Build.0 = Release|Win32
		{4713386C-4B8E-4A4E-A41E-58B0AC4B5A70}.Release|Win32.ActiveCfg = Release|Win32
		{4713386C-4B8E-4A4E-A41E-58B0AC4B5A70}.Release|Win32.Build.0 = Release|Win32
		{4713386C-4B8E-4A4E-A41E-58B0AC4B5A70}.Release|x64.ActiveCfg = Release|Win32
		{4713386C-4B8E-4A4E-A41E-58B0AC4B5A70}.Release|x86.ActiveCfg = Release|Win32
		{4713386C-4B8E-4A4E-A41E-58B0AC4B5A70}.Release|x86.Build.0 = Release|Win32
		{BD4C7190-B148-46B5-9730-E970B5572189}.Debug|Any CPU.ActiveCfg = Debug|Win32
		{BD4C7190-B148-46B5-9730-E970B5572189}.Debug|ARM.ActiveCfg = Debug|Win32
		{BD4C7190-B148-46B5-9730-E970B5572189}.Debug|Mixed Platforms.ActiveCfg = Debug|Win32
		{BD4C7190-B148-46B5-9730-E970B5572189}.Debug|Mixed Platforms.Build.0 = Debug|Win32
		{BD4C7190-B148-46B5-9730-E970B5572189}.Debug|Win32.ActiveCfg = Debug|Win32
		{BD4C7190-B148-46B5-9730-E970B5572189}.Debug|Win32.Build.0 = Debug|Win32
		{BD4C7190-B148-46B5-9730-E970B5572189}.Debug|x64.ActiveCfg = Debug|Win32
		{BD4C7190-B148-46B5-9730-E970B5572189}.Debug|x86.ActiveCfg = Debug|Win32
		{BD4C7190-B148-46B5-9730-E970B5572189}.Debug|x86.Build.0 = Debug|Win32
		{BD4C7190-B148-46B5-9730-E970B5572189}.Release|Any CPU.ActiveCfg = Release|Win32
		{BD4C7190-B148-46B5-9730-E970B5572189}.Release|ARM.ActiveCfg = Release|Win32
		{BD4C7190-B148-46B5-9730-E970B5572189}.Release|Mixed Platforms.ActiveCfg = Release|Win32
		{BD4C7190-B148-46B5-9730-E970B5572189}.Release|Mixed Platforms.Build.0 = Release|Win32
		{BD4C7190-B148-46B5-9730-E970B5572189}.Release|Win32.ActiveCfg = Release|Win32
		{BD4C7190-B148-46B5-9730-E970B5572189}.Release|Win32.Build.0 = Release|Win32
		{BD4C7190-B148-46B5-9730-E970B5572189}.Release|x64.ActiveCfg = Release|Win32
		{BD4C7190-B148-46B5-9730-E970B5572189}.Release|x86.ActiveCfg = Release|Win32
		{BD4C7190-B148-46B5-9730-E970B5572189}.Release|x86.Build.0 = Release|Win32
		{931D3760-DD14-4A8A-9EA2-BFD656376CE5}.Debug|Any CPU.ActiveCfg = Debug|Win32
		{931D3760-DD14-4A8A-9EA2-BFD656376CE5}.Debug|ARM.ActiveCfg = Debug|Win32
		{931D3760-DD14-4A8A-9EA2-BFD656376CE5}.Debug|Mixed Platforms.ActiveCfg = Debug|Win32
		{931D3760-DD14-4A8A-9EA2-BFD656376CE5}.Debug|Mixed Platforms.Build.0 = Debug|Win32
		{931D3760-DD14-4A8A-9EA2-BFD656376CE5}.Debug|Win32.ActiveCfg = Debug|Win32
		{931D3760-DD14-4A8A-9EA2-BFD656376CE5}.Debug|Win32.Build.0 = Debug|Win32
		{931D3760-DD14-4A8A-9EA2-BFD656376CE5}.Debug|x64.ActiveCfg = Debug|Win32
		{931D3760-DD14-4A8A-9EA2-BFD656376CE5}.Debug|x86.ActiveCfg = Debug|Win32
		{931D3760-DD14-4A8A-9EA2-BFD656376CE5}.Debug|x86.Build.0 = Debug|Win32
		{931D3760-DD14-4A8A-9EA2-BFD656376CE5}.Release|Any CPU.ActiveCfg = Release|Win32
		{931D3760-DD14-4A8A-9EA2-BFD656376CE5}.Release|ARM.ActiveCfg = Release|Win32
		{931D3760-DD14-4A8A-9EA2-BFD656376CE5}.Release|Mixed Platforms.ActiveCfg = Release|Win32
		{931D3760-DD14-4A8A-9EA2-BFD656376CE5}.Release|Mixed Platforms.Build.0 = Release|Win32
		{931D3760-DD14-4A8A-9EA2-BFD656376CE5}.Release|Win32.ActiveCfg = Release|Win32
		{931D3760-DD14-4A8A-9EA2-BFD656376CE5}.Release|Win32.Build.0 = Release|Win32
		{931D3760-DD14-4A8A-9EA2-BFD656376CE5}.Release|x64.ActiveCfg = Release|Win32
		{931D3760-DD14-4A8A-9EA2-BFD656376CE5}.Release|x86.ActiveCfg = Release|Win32
		{931D3760-DD14-4A8A-9EA2-BFD656376CE5}.Release|x86.Build.0 = Release|Win32
		{AA6AF28E-1074-4D9B-AFC5-6EFBD8911E35}.Debug|Any CPU.ActiveCfg = Debug|Win32
		{AA6AF28E-1074-4D9B-AFC5-6EFBD8911E35}.Debug|ARM.ActiveCfg = Debug|Win32
		{AA6AF28E-1074-4D9B-AFC5-6EFBD8911E35}.Debug|Mixed Platforms.ActiveCfg = Debug|Win32
		{AA6AF28E-1074-4D9B-AFC5-6EFBD8911E35}.Debug|Mixed Platforms.Build.0 = Debug|Win32
		{AA6AF28E-1074-4D9B-AFC5-6EFBD8911E35}.Debug|Win32.ActiveCfg = Debug|Win32
		{AA6AF28E-1074-4D9B-AFC5-6EFBD8911E35}.Debug|Win32.Build.0 = Debug|Win32
		{AA6AF28E-1074-4D9B-AFC5-6EFBD8911E35}.Debug|x64.ActiveCfg = Debug|Win32
		{AA6AF28E-1074-4D9B-AFC5-6EFBD8911E35}.Debug|x86.ActiveCfg = Debug|Win32
		{AA6AF28E-1074-4D9B-AFC5-6EFBD8911E35}.Debug|x86.Build.0 = Debug|Win32
		{AA6AF28E-1074-4D9B-AFC5-6EFBD8911E35}.Release|Any CPU.ActiveCfg = Release|Win32
		{AA6AF28E-1074-4D9B-AFC5-6EFBD8911E35}.Release|ARM.ActiveCfg = Release|Win32
		{AA6AF28E-1074-4D9B-AFC5-6EFBD8911E35}.Release|Mixed Platforms.ActiveCfg = Release|Win32
		{AA6AF28E-1074-4D9B-AFC5-6EFBD8911E35}.Release|Mixed Platforms.Build.0 = Release|Win32
		{AA6AF28E-1074-4D9B-AFC5-6EFBD8911E35}.Release|Win32.ActiveCfg = Release|Win32
		{AA6AF28E-1074-4D9B-AFC5-6EFBD8911E35}.Release|Win32.Build.0 = Release|Win32
		{AA6AF28E-1074-4D9B-AFC5-6EFBD8911E35}.Release|x64.ActiveCfg = Release|Win32
		{AA6AF28E-1074-4D9B-AFC5-6EFBD8911E35}.Release|x86.ActiveCfg = Release|Win32
		{AA6AF28E-1074-4D9B-AFC5-6EFBD8911E35}.Release|x86.Build.0 = Release|Win32
		{943C2303-1614-45F5-A613-8616CD078762}.Debug|Any CPU.ActiveCfg = Debug|Win32
		{943C2303-1614-45F5-A613-8616CD078762}.Debug|ARM.ActiveCfg = Debug|Win32
		{943C2303-1614-45F5-A613-8616CD078762}.Debug|Mixed Platforms.ActiveCfg = Debug|Win32
		{943C2303-1614-45F5-A613-8616CD078762}.Debug|Mixed Platforms.Build.0 = Debug|Win32
		{943C2303-1614-45F5-A613-8616CD078762}.Debug|Win32.ActiveCfg = Debug|Win32
		{943C2303-1614-45F5-A613-8616CD078762}.Debug|Win32.Build.0 = Debug|Win32
		{943C2303-1614-45F5-A613-8616CD078762}.Debug|x64.ActiveCfg = Debug|Win32
		{943C2303-1614-45F5-A613-8616CD078762}.Debug|x86.ActiveCfg = Debug|Win32
		{943C2303-1614-45F5-A613-8616CD078762}.Debug|x86.Build.0 = Debug|Win32
		{943C2303-1614-45F5-A613-8616CD078762}.Release|Any CPU.ActiveCfg = Release|Win32
		{943C2303-1614-45F5-A613-8616CD078762}.Release|ARM.ActiveCfg = Release|Win32
		{943C2303-1614-45F5-A613-8616CD078762}.Release|Mixed Platforms.ActiveCfg = Release|Win32
		{943C2303-1614-45F5-A613-8616CD078762}.Release|Mixed Platforms.Build.0 = Release|Win32
		{943C2303-1614-45F5-A613-8616CD078762}.Release|Win32.ActiveCfg = Release|Win32
		{943C2303-1614-45F5-A613-8616CD078762}.Release|Win32.Build.0 = Release|Win32
		{943C2303-1614-45F5-A613-8616CD078762}.Release|x64.ActiveCfg = Release|Win32
		{943C2303-1614-45F5-A613-8616CD078762}.Release|x86.ActiveCfg = Release|Win32
		{943C2303-1614-45F5-A613-8616CD078762}.Release|x86.Build.0 = Release|Win32
		{0E4D3500-E934-47A8-876C-D8A2474D293E}.Debug|Any CPU.ActiveCfg = Debug|Win32
		{0E4D3500-E934-47A8-876C-D8A2474D293E}.Debug|ARM.ActiveCfg = Debug|Win32
		{0E4D3500-E934-47A8-876C-D8A2474D293E}.Debug|Mixed Platforms.ActiveCfg = Debug|Win32
		{0E4D3500-E934-47A8-876C-D8A2474D293E}.Debug|Mixed Platforms.Build.0 = Debug|Win32
		{0E4D3500-E934-47A8-876C-D8A2474D293E}.Debug|Win32.ActiveCfg = Debug|Win32
		{0E4D3500-E934-47A8-876C-D8A2474D293E}.Debug|Win32.Build.0 = Debug|Win32
		{0E4D3500-E934-47A8-876C-D8A2474D293E}.Debug|x64.ActiveCfg = Debug|Win32
		{0E4D3500-E934-47A8-876C-D8A2474D293E}.Debug|x86.ActiveCfg = Debug|Win32
		{0E4D3500-E934-47A8-876C-D8A2474D293E}.Debug|x86.Build.0 = Debug|Win32
		{0E4D3500-E934-47A8-876C-D8A2474D293E}.Release|Any CPU.ActiveCfg = Release|Win32
		{0E4D3500-E934-47A8-876C-D8A2474D293E}.Release|ARM.ActiveCfg = Release|Win32
		{0E4D3500-E934-47A8-876C-D8A2474D293E}.Release|Mixed Platforms.ActiveCfg = Release|Win32
		{0E4D3500-E934-47A8-876C-D8A2474D293E}.Release|Mixed Platforms.Build.0 = Release|Win32
		{0E4D3500-E934-47A8-876C-D8A2474D293E}.Release|Win32.ActiveCfg = Release|Win32
		{0E4D3500-E934-47A8-876C-D8A2474D293E}.Release|Win32.Build.0 = Release|Win32
		{0E4D3500-E934-47A8-876C-D8A2474D293E}.Release|x64.ActiveCfg = Release|Win32
		{0E4D3500-E934-47A8-876C-D8A2474D293E}.Release|x86.ActiveCfg = Release|Win32
		{0E4D3500-E934-47A8-876C-D8A2474D293E}.Release|x86.Build.0 = Release|Win32
		{F98FAE97-C749-4F67-8532-3AAFC1880C6D}.Debug|Any CPU.ActiveCfg = Debug|Win32
		{F98FAE97-C749-4F67-8532-3AAFC1880C6D}.Debug|ARM.ActiveCfg = Debug|Win32
		{F98FAE97-C749-4F67-8532-3AAFC1880C6D}.Debug|Mixed Platforms.ActiveCfg = Debug|Win32
		{F98FAE97-C749-4F67-8532-3AAFC1880C6D}.Debug|Mixed Platforms.Build.0 = Debug|Win32
		{F98FAE97-C749-4F67-8532-3AAFC1880C6D}.Debug|Win32.ActiveCfg = Debug|Win32
		{F98FAE97-C749-4F67-8532-3AAFC1880C6D}.Debug|Win32.Build.0 = Debug|Win32
		{F98FAE97-C749-4F67-8532-3AAFC1880C6D}.Debug|x64.ActiveCfg = Debug|Win32
		{F98FAE97-C749-4F67-8532-3AAFC1880C6D}.Debug|x86.ActiveCfg = Debug|Win32
		{F98FAE97-C749-4F67-8532-3AAFC1880C6D}.Debug|x86.Build.0 = Debug|Win32
		{F98FAE97-C749-4F67-8532-3AAFC1880C6D}.Release|Any CPU.ActiveCfg = Release|Win32
		{F98FAE97-C749-4F67-8532-3AAFC1880C6D}.Release|ARM.ActiveCfg = Release|Win32
		{F98FAE97-C749-4F67-8532-3AAFC1880C6D}.Release|Mixed Platforms.ActiveCfg = Release|Win32
		{F98FAE97-C749-4F67-8532-3AAFC1880C6D}.Release|Mixed Platforms.Build.0 = Release|Win32
		{F98FAE97-C749-4F67-8532-3AAFC1880C6D}.Release|Win32.ActiveCfg = Release|Win32
		{F98FAE97-C749-4F67-8532-3AAFC1880C6D}.Release|Win32.Build.0 = Release|Win32
		{F98FAE97-C749-4F67-8532-3AAFC1880C6D}.Release|x64.ActiveCfg = Release|Win32
		{F98FAE97-C749-4F67-8532-3AAFC1880C6D}.Release|x86.ActiveCfg = Release|Win32
		{F98FAE97-C749-4F67-8532-3AAFC1880C6D}.Release|x86.Build.0 = Release|Win32
		{CE132769-1710-4306-A86B-5CB8143BEEE1}.Debug|Any CPU.ActiveCfg = Debug|Win32
		{CE132769-1710-4306-A86B-5CB8143BEEE1}.Debug|ARM.ActiveCfg = Debug|Win32
		{CE132769-1710-4306-A86B-5CB8143BEEE1}.Debug|Mixed Platforms.ActiveCfg = Debug|Win32
		{CE132769-1710-4306-A86B-5CB8143BEEE1}.Debug|Mixed Platforms.Build.0 = Debug|Win32
		{CE132769-1710-4306-A86B-5CB8143BEEE1}.Debug|Win32.ActiveCfg = Debug|Win32
		{CE132769-1710-4306-A86B-5CB8143BEEE1}.Debug|Win32.Build.0 = Debug|Win32
		{CE132769-1710-4306-A86B-5CB8143BEEE1}.Debug|x64.ActiveCfg = Debug|Win32
		{CE132769-1710-4306-A86B-5CB8143BEEE1}.Debug|x86.ActiveCfg = Debug|Win32
		{CE132769-1710-4306-A86B-5CB8143BEEE1}.Debug|x86.Build.0 = Debug|Win32
		{CE132769-1710-4306-A86B-5CB8143BEEE1}.Release|Any CPU.ActiveCfg = Release|Win32
		{CE132769-1710-4306-A86B-5CB8143BEEE1}.Release|ARM.ActiveCfg = Release|Win32
		{CE132769-1710-4306-A86B-5CB8143BEEE1}.Release|Mixed Platforms.ActiveCfg = Release|Win32
		{CE132769-1710-4306-A86B-5CB8143BEEE1}.Release|Mixed Platforms.Build.0 = Release|Win32
		{CE132769-1710-4306-A86B-5CB8143BEEE1}.Release|Win32.ActiveCfg = Release|Win32
		{CE132769-1710-4306-A86B-5CB8143BEEE1}.Release|Win32.Build.0 = Release|Win32
		{CE132769-1710-4306-A86B-5CB8143BEEE1}.Release|x64.ActiveCfg = Release|Win32
		{CE132769-1710-4306-A86B-5CB8143BEEE1}.Release|x86.ActiveCfg = Release|Win32
		{CE132769-1710-4306-A86B-5CB8143BEEE1}.Release|x86.Build.0 = Release|Win32
		{223E3027-1901-41FB-80A0-56CE6CA72E24}.Debug|Any CPU.ActiveCfg = Debug|Win32
		{223E3027-1901-41FB-80A0-56CE6CA72E24}.Debug|ARM.ActiveCfg = Debug|Win32
		{223E3027-1901-41FB-80A0-56CE6CA72E24}.Debug|Mixed Platforms.ActiveCfg = Debug|Win32
		{223E3027-1901-41FB-80A0-56CE6CA72E24}.Debug|Mixed Platforms.Build.0 = Debug|Win32
		{223E3027-1901-41FB-80A0-56CE6CA72E24}.Debug|Win32.ActiveCfg = Debug|Win32
		{223E3027-1901-41FB-80A0-56CE6CA72E24}.Debug|Win32.Build.0 = Debug|Win32
		{223E3027-1901-41FB-80A0-56CE6CA72E24}.Debug|x64.ActiveCfg = Debug|Win32
		{223E3027-1901-41FB-80A0-56CE6CA72E24}.Debug|x86.ActiveCfg = Debug|Win32
		{223E3027-1901-41FB-80A0-56CE6CA72E24}.Debug|x86.Build.0 = Debug|Win32
		{223E3027-1901-41FB-80A0-56CE6CA72E24}.Release|Any CPU.ActiveCfg = Release|Win32
		{223E3027-1901-41FB-80A0-56CE6CA72E24}.Release|ARM.ActiveCfg = Release|Win32
		{223E3027-1901-41FB-80A0-56CE6CA72E24}.Release|Mixed Platforms.ActiveCfg = Release|Win32
		{223E3027-1901-41FB-80A0-56CE6CA72E24}.Release|Mixed Platforms.Build.0 = Release|Win32
		{223E3027-1901-41FB-80A0-56CE6CA72E24}.Release|Win32.ActiveCfg = Release|Win32
		{223E3027-1901-41FB-80A0-56CE6CA72E24}.Release|Win32.Build.0 = Release|Win32
		{223E3027-1901-41FB-80A0-56CE6CA72E24}.Release|x64.ActiveCfg = Release|Win32
		{223E3027-1901-41FB-80A0-56CE6CA72E24}.Release|x86.ActiveCfg = Release|Win32
		{223E3027-1901-41FB-80A0-56CE6CA72E24}.Release|x86.Build.0 = Release|Win32
		{1DEFBE0F-436B-40A0-822A-07D5F50686CB}.Debug|Any CPU.ActiveCfg = Debug|Win32
		{1DEFBE0F-436B-40A0-822A-07D5F50686CB}.Debug|ARM.ActiveCfg = Debug|Win32
		{1DEFBE0F-436B-40A0-822A-07D5F50686CB}.Debug|Mixed Platforms.ActiveCfg = Debug|Win32
		{1DEFBE0F-436B-40A0-822A-07D5F50686CB}.Debug|Mixed Platforms.Build.0 = Debug|Win32
		{1DEFBE0F-436B-40A0-822A-07D5F50686CB}.Debug|Win32.ActiveCfg = Debug|Win32
		{1DEFBE0F-436B-40A0-822A-07D5F50686CB}.Debug|Win32.Build.0 = Debug|Win32
		{1DEFBE0F-436B-40A0-822A-07D5F50686CB}.Debug|x64.ActiveCfg = Debug|Win32
		{1DEFBE0F-436B-40A0-822A-07D5F50686CB}.Debug|x86.ActiveCfg = Debug|Win32
		{1DEFBE0F-436B-40A0-822A-07D5F50686CB}.Debug|x86.Build.0 = Debug|Win32
		{1DEFBE0F-436B-40A0-822A-07D5F50686CB}.Release|Any CPU.ActiveCfg = Release|Win32
		{1DEFBE0F-436B-40A0-822A-07D5F50686CB}.Release|ARM.ActiveCfg = Release|Win32
		{1DEFBE0F-436B-40A0-822A-07D5F50686CB}.Release|Mixed Platforms.ActiveCfg = Release|Win32
		{1DEFBE0F-436B-40A0-822A-07D5F50686CB}.Release|Mixed Platforms.Build.0 = Release|Win32
		{1DEFBE0F-436B-40A0-822A-07D5F50686CB}.Release|Win32.ActiveCfg = Release|Win32
		{1DEFBE0F-436B-40A0-822A-07D5F50686CB}.Release|Win32.Build.0 = Release|Win32
		{1DEFBE0F-436B-40A0-822A-07D5F50686CB}.Release|x64.ActiveCfg = Release|Win32
		{1DEFBE0F-436B-40A0-822A-07D5F50686CB}.Release|x86.ActiveCfg = Release|Win32
		{1DEFBE0F-436B-40A0-822A-07D5F50686CB}.Release|x86.Build.0 = Release|Win32
		{62EF9B93-5E4C-422A-85B4-8690B466C7A8}.Debug|Any CPU.ActiveCfg = Debug|Win32
		{62EF9B93-5E4C-422A-85B4-8690B466C7A8}.Debug|ARM.ActiveCfg = Debug|Win32
		{62EF9B93-5E4C-422A-85B4-8690B466C7A8}.Debug|Mixed Platforms.ActiveCfg = Debug|Win32
		{62EF9B93-5E4C-422A-85B4-8690B466C7A8}.Debug|Mixed Platforms.Build.0 = Debug|Win32
		{62EF9B93-5E4C-422A-85B4-8690B466C7A8}.Debug|Win32.ActiveCfg = Debug|Win32
		{62EF9B93-5E4C-422A-85B4-8690B466C7A8}.Debug|Win32.Build.0 = Debug|Win32
		{62EF9B93-5E4C-422A-85B4-8690B466C7A8}.Debug|x64.ActiveCfg = Debug|Win32
		{62EF9B93-5E4C-422A-85B4-8690B466C7A8}.Debug|x86.ActiveCfg = Debug|Win32
		{62EF9B93-5E4C-422A-85B4-8690B466C7A8}.Debug|x86.Build.0 = Debug|Win32
		{62EF9B93-5E4C-422A-85B4-8690B466C7A8}.Release|Any CPU.ActiveCfg = Release|Win32
		{62EF9B93-5E4C-422A-85B4-8690B466C7A8}.Release|ARM.ActiveCfg = Release|Win32
		{62EF9B93-5E4C-422A-85B4-8690B466C7A8}.Release|Mixed Platforms.ActiveCfg = Release|Win32
		{62EF9B93-5E4C-422A-85B4-8690B466C7A8}.Release|Mixed Platforms.Build.0 = Release|Win32
		{62EF9B93-5E4C-422A-85B4-8690B466C7A8}.Release|Win32.ActiveCfg = Release|Win32
		{62EF9B93-5E4C-422A-85B4-8690B466C7A8}.Release|Win32.Build.0 = Release|Win32
		{62EF9B93-5E4C-422A-85B4-8690B466C7A8}.Release|x64.ActiveCfg = Release|Win32
		{62EF9B93-5E4C-422A-85B4-8690B466C7A8}.Release|x86.ActiveCfg = Release|Win32
		{62EF9B93-5E4C-422A-85B4-8690B466C7A8}.Release|x86.Build.0 = Release|Win32
		{0D8BB693-1407-45BC-9A98-ED1F6E5467D6}.Debug|Any CPU.ActiveCfg = Debug|Win32
		{0D8BB693-1407-45BC-9A98-ED1F6E5467D6}.Debug|ARM.ActiveCfg = Debug|Win32
		{0D8BB693-1407-45BC-9A98-ED1F6E5467D6}.Debug|Mixed Platforms.ActiveCfg = Debug|Win32
		{0D8BB693-1407-45BC-9A98-ED1F6E5467D6}.Debug|Mixed Platforms.Build.0 = Debug|Win32
		{0D8BB693-1407-45BC-9A98-ED1F6E5467D6}.Debug|Win32.ActiveCfg = Debug|Win32
		{0D8BB693-1407-45BC-9A98-ED1F6E5467D6}.Debug|Win32.Build.0 = Debug|Win32
		{0D8BB693-1407-45BC-9A98-ED1F6E5467D6}.Debug|x64.ActiveCfg = Debug|Win32
		{0D8BB693-1407-45BC-9A98-ED1F6E5467D6}.Debug|x86.ActiveCfg = Debug|Win32
		{0D8BB693-1407-45BC-9A98-ED1F6E5467D6}.Debug|x86.Build.0 = Debug|Win32
		{0D8BB693-1407-45BC-9A98-ED1F6E5467D6}.Release|Any CPU.ActiveCfg = Release|Win32
		{0D8BB693-1407-45BC-9A98-ED1F6E5467D6}.Release|ARM.ActiveCfg = Release|Win32
		{0D8BB693-1407-45BC-9A98-ED1F6E5467D6}.Release|Mixed Platforms.ActiveCfg = Release|Win32
		{0D8BB693-1407-45BC-9A98-ED1F6E5467D6}.Release|Mixed Platforms.Build.0 = Release|Win32
		{0D8BB693-1407-45BC-9A98-ED1F6E5467D6}.Release|Win32.ActiveCfg = Release|Win32
		{0D8BB693-1407-45BC-9A98-ED1F6E5467D6}.Release|Win32.Build.0 = Release|Win32
		{0D8BB693-1407-45BC-9A98-ED1F6E5467D6}.Release|x64.ActiveCfg = Release|Win32
		{0D8BB693-1407-45BC-9A98-ED1F6E5467D6}.Release|x86.ActiveCfg = Release|Win32
		{0D8BB693-1407-45BC-9A98-ED1F6E5467D6}.Release|x86.Build.0 = Release|Win32
	EndGlobalSection
	GlobalSection(SolutionProperties) = preSolution
		HideSolutionNode = FALSE
	EndGlobalSection
EndGlobal
